lockfileVersion: 5.3

importers:

  .:
    specifiers:
      '@babel/runtime': 7.12.18
      '@types/jest': 26.0.20
      '@types/node': 12.20.4
      express: 4.17.2
    dependencies:
      express: registry.npmjs.org/express/4.17.2
    devDependencies:
      '@babel/runtime': registry.npmjs.org/@babel/runtime/7.12.18
      '@types/jest': registry.npmjs.org/@types/jest/26.0.20
      '@types/node': registry.npmjs.org/@types/node/12.20.4

  apps/server:
    specifiers: {}

packages:

  registry.npmjs.org/@babel/runtime/7.12.18:
    resolution: {integrity: sha512-BogPQ7ciE6SYAUPtlm9tWbgI9+2AgqSam6QivMgXgAT+fKbgppaj4ZX15MHeLC1PVF5sNk70huBu20XxWOs8Cg==, registry: https://node.bit.cloud/, tarball: https://registry.npmjs.org/@babel/runtime/-/runtime-7.12.18.tgz}
    name: '@babel/runtime'
    version: 7.12.18
    dependencies:
      regenerator-runtime: registry.npmjs.org/regenerator-runtime/0.13.9
    dev: true

  registry.npmjs.org/@jest/types/26.6.2:
    resolution: {integrity: sha512-fC6QCp7Sc5sX6g8Tvbmj4XUTbyrik0akgRy03yjXbQaBWWNWGE7SGtJk98m0N8nzegD/7SggrUlivxo5ax4KWQ==, registry: https://node.bit.cloud/, tarball: https://registry.npmjs.org/@jest/types/-/types-26.6.2.tgz}
    name: '@jest/types'
    version: 26.6.2
    engines: {node: '>= 10.14.2'}
    dependencies:
      '@types/istanbul-lib-coverage': registry.npmjs.org/@types/istanbul-lib-coverage/2.0.4
      '@types/istanbul-reports': registry.npmjs.org/@types/istanbul-reports/3.0.1
      '@types/node': registry.npmjs.org/@types/node/12.20.4
      '@types/yargs': registry.npmjs.org/@types/yargs/15.0.14
      chalk: registry.npmjs.org/chalk/4.1.2
    dev: true

  registry.npmjs.org/@types/istanbul-lib-coverage/2.0.4:
    resolution: {integrity: sha512-z/QT1XN4K4KYuslS23k62yDIDLwLFkzxOuMplDtObz0+y7VqJCaO2o+SPwHCvLFZh7xazvvoor2tA/hPz9ee7g==, registry: https://node.bit.cloud/, tarball: https://registry.npmjs.org/@types/istanbul-lib-coverage/-/istanbul-lib-coverage-2.0.4.tgz}
    name: '@types/istanbul-lib-coverage'
    version: 2.0.4
    dev: true

  registry.npmjs.org/@types/istanbul-lib-report/3.0.0:
    resolution: {integrity: sha512-plGgXAPfVKFoYfa9NpYDAkseG+g6Jr294RqeqcqDixSbU34MZVJRi/P+7Y8GDpzkEwLaGZZOpKIEmeVZNtKsrg==, registry: https://node.bit.cloud/, tarball: https://registry.npmjs.org/@types/istanbul-lib-report/-/istanbul-lib-report-3.0.0.tgz}
    name: '@types/istanbul-lib-report'
    version: 3.0.0
    dependencies:
      '@types/istanbul-lib-coverage': registry.npmjs.org/@types/istanbul-lib-coverage/2.0.4
    dev: true

  registry.npmjs.org/@types/istanbul-reports/3.0.1:
    resolution: {integrity: sha512-c3mAZEuK0lvBp8tmuL74XRKn1+y2dcwOUpH7x4WrF6gk1GIgiluDRgMYQtw2OFcBvAJWlt6ASU3tSqxp0Uu0Aw==, registry: https://node.bit.cloud/, tarball: https://registry.npmjs.org/@types/istanbul-reports/-/istanbul-reports-3.0.1.tgz}
    name: '@types/istanbul-reports'
    version: 3.0.1
    dependencies:
      '@types/istanbul-lib-report': registry.npmjs.org/@types/istanbul-lib-report/3.0.0
    dev: true

  registry.npmjs.org/@types/jest/26.0.20:
    resolution: {integrity: sha512-9zi2Y+5USJRxd0FsahERhBwlcvFh6D2GLQnY2FH2BzK8J9s9omvNHIbvABwIluXa0fD8XVKMLTO0aOEuUfACAA==, registry: https://node.bit.cloud/, tarball: https://registry.npmjs.org/@types/jest/-/jest-26.0.20.tgz}
    name: '@types/jest'
    version: 26.0.20
    dependencies:
      jest-diff: registry.npmjs.org/jest-diff/26.6.2
      pretty-format: registry.npmjs.org/pretty-format/26.6.2
    dev: true

  registry.npmjs.org/@types/node/12.20.4:
    resolution: {integrity: sha512-xRCgeE0Q4pT5UZ189TJ3SpYuX/QGl6QIAOAIeDSbAVAd2gX1NxSZup4jNVK7cxIeP8KDSbJgcckun495isP1jQ==, registry: https://node.bit.cloud/, tarball: https://registry.npmjs.org/@types/node/-/node-12.20.4.tgz}
    name: '@types/node'
    version: 12.20.4
    dev: true

  registry.npmjs.org/@types/yargs-parser/21.0.0:
    resolution: {integrity: sha512-iO9ZQHkZxHn4mSakYV0vFHAVDyEOIJQrV2uZ06HxEPcx+mt8swXoZHIbaaJ2crJYFfErySgktuTZ3BeLz+XmFA==, registry: https://node.bit.cloud/, tarball: https://registry.npmjs.org/@types/yargs-parser/-/yargs-parser-21.0.0.tgz}
    name: '@types/yargs-parser'
    version: 21.0.0
    dev: true

  registry.npmjs.org/@types/yargs/15.0.14:
    resolution: {integrity: sha512-yEJzHoxf6SyQGhBhIYGXQDSCkJjB6HohDShto7m8vaKg9Yp0Yn8+71J9eakh2bnPg6BfsH9PRMhiRTZnd4eXGQ==, registry: https://node.bit.cloud/, tarball: https://registry.npmjs.org/@types/yargs/-/yargs-15.0.14.tgz}
    name: '@types/yargs'
    version: 15.0.14
    dependencies:
      '@types/yargs-parser': registry.npmjs.org/@types/yargs-parser/21.0.0
    dev: true

  registry.npmjs.org/accepts/1.3.8:
    resolution: {integrity: sha512-PYAthTa2m2VKxuvSD3DPC/Gy+U+sOA1LAuT8mkmRuvw+NACSaeXEQ+NHcVF7rONl6qcaxV3Uuemwawk+7+SJLw==, registry: https://node.bit.cloud/, tarball: https://registry.npmjs.org/accepts/-/accepts-1.3.8.tgz}
    name: accepts
    version: 1.3.8
    engines: {node: '>= 0.6'}
    dependencies:
      mime-types: registry.npmjs.org/mime-types/2.1.35
      negotiator: registry.npmjs.org/negotiator/0.6.3
    dev: false

  registry.npmjs.org/ansi-regex/5.0.1:
    resolution: {integrity: sha512-quJQXlTSUGL2LH9SUXo8VwsY4soanhgo6LNSm84E1LBcE8s3O0wpdiRzyR9z/ZZJMlMWv37qOOb9pdJlMUEKFQ==, registry: https://node.bit.cloud/, tarball: https://registry.npmjs.org/ansi-regex/-/ansi-regex-5.0.1.tgz}
    name: ansi-regex
    version: 5.0.1
    engines: {node: '>=8'}
    dev: true

  registry.npmjs.org/ansi-styles/4.3.0:
    resolution: {integrity: sha512-zbB9rCJAT1rbjiVDb2hqKFHNYLxgtk8NURxZ3IZwD3F6NtxbXZQCnnSi1Lkx+IDohdPlFp222wVALIheZJQSEg==, registry: https://node.bit.cloud/, tarball: https://registry.npmjs.org/ansi-styles/-/ansi-styles-4.3.0.tgz}
    name: ansi-styles
    version: 4.3.0
    engines: {node: '>=8'}
    dependencies:
      color-convert: registry.npmjs.org/color-convert/2.0.1
    dev: true

  registry.npmjs.org/array-flatten/1.1.1:
    resolution: {integrity: sha512-PCVAQswWemu6UdxsDFFX/+gVeYqKAod3D3UVm91jHwynguOwAvYPhx8nNlM++NqRcK6CxxpUafjmhIdKiHibqg==, registry: https://node.bit.cloud/, tarball: https://registry.npmjs.org/array-flatten/-/array-flatten-1.1.1.tgz}
    name: array-flatten
    version: 1.1.1
    dev: false

  registry.npmjs.org/body-parser/1.19.1:
    resolution: {integrity: sha512-8ljfQi5eBk8EJfECMrgqNGWPEY5jWP+1IzkzkGdFFEwFQZZyaZ21UqdaHktgiMlH0xLHqIFtE/u2OYE5dOtViA==, registry: https://node.bit.cloud/, tarball: https://registry.npmjs.org/body-parser/-/body-parser-1.19.1.tgz}
    name: body-parser
    version: 1.19.1
    engines: {node: '>= 0.8'}
    dependencies:
      bytes: registry.npmjs.org/bytes/3.1.1
      content-type: registry.npmjs.org/content-type/1.0.4
      debug: registry.npmjs.org/debug/2.6.9
      depd: registry.npmjs.org/depd/1.1.2
      http-errors: registry.npmjs.org/http-errors/1.8.1
      iconv-lite: registry.npmjs.org/iconv-lite/0.4.24
      on-finished: registry.npmjs.org/on-finished/2.3.0
      qs: registry.npmjs.org/qs/6.9.6
      raw-body: registry.npmjs.org/raw-body/2.4.2
      type-is: registry.npmjs.org/type-is/1.6.18
    transitivePeerDependencies:
      - supports-color
    dev: false

  registry.npmjs.org/bytes/3.1.1:
    resolution: {integrity: sha512-dWe4nWO/ruEOY7HkUJ5gFt1DCFV9zPRoJr8pV0/ASQermOZjtq8jMjOprC0Kd10GLN+l7xaUPvxzJFWtxGu8Fg==, registry: https://node.bit.cloud/, tarball: https://registry.npmjs.org/bytes/-/bytes-3.1.1.tgz}
    name: bytes
    version: 3.1.1
    engines: {node: '>= 0.8'}
    dev: false

  registry.npmjs.org/chalk/4.1.2:
    resolution: {integrity: sha512-oKnbhFyRIXpUuez8iBMmyEa4nbj4IOQyuhc/wy9kY7/WVPcwIO9VA668Pu8RkO7+0G76SLROeyw9CpQ061i4mA==, registry: https://node.bit.cloud/, tarball: https://registry.npmjs.org/chalk/-/chalk-4.1.2.tgz}
    name: chalk
    version: 4.1.2
    engines: {node: '>=10'}
    dependencies:
      ansi-styles: registry.npmjs.org/ansi-styles/4.3.0
      supports-color: registry.npmjs.org/supports-color/7.2.0
    dev: true

  registry.npmjs.org/color-convert/2.0.1:
    resolution: {integrity: sha512-RRECPsj7iu/xb5oKYcsFHSppFNnsj/52OVTRKb4zP5onXwVF3zVmmToNcOfGC+CRDpfK/U584fMg38ZHCaElKQ==, registry: https://node.bit.cloud/, tarball: https://registry.npmjs.org/color-convert/-/color-convert-2.0.1.tgz}
    name: color-convert
    version: 2.0.1
    engines: {node: '>=7.0.0'}
    dependencies:
      color-name: registry.npmjs.org/color-name/1.1.4
    dev: true

  registry.npmjs.org/color-name/1.1.4:
    resolution: {integrity: sha512-dOy+3AuW3a2wNbZHIuMZpTcgjGuLU/uBL/ubcZF9OXbDo8ff4O8yVp5Bf0efS8uEoYo5q4Fx7dY9OgQGXgAsQA==, registry: https://node.bit.cloud/, tarball: https://registry.npmjs.org/color-name/-/color-name-1.1.4.tgz}
    name: color-name
    version: 1.1.4
    dev: true

  registry.npmjs.org/content-disposition/0.5.4:
    resolution: {integrity: sha512-FveZTNuGw04cxlAiWbzi6zTAL/lhehaWbTtgluJh4/E95DqMwTmha3KZN1aAWA8cFIhHzMZUvLevkw5Rqk+tSQ==, registry: https://node.bit.cloud/, tarball: https://registry.npmjs.org/content-disposition/-/content-disposition-0.5.4.tgz}
    name: content-disposition
    version: 0.5.4
    engines: {node: '>= 0.6'}
    dependencies:
      safe-buffer: registry.npmjs.org/safe-buffer/5.2.1
    dev: false

  registry.npmjs.org/content-type/1.0.4:
    resolution: {integrity: sha512-hIP3EEPs8tB9AT1L+NUqtwOAps4mk2Zob89MWXMHjHWg9milF/j4osnnQLXBCBFBk/tvIG/tUc9mOUJiPBhPXA==, registry: https://node.bit.cloud/, tarball: https://registry.npmjs.org/content-type/-/content-type-1.0.4.tgz}
    name: content-type
    version: 1.0.4
    engines: {node: '>= 0.6'}
    dev: false

  registry.npmjs.org/cookie-signature/1.0.6:
    resolution: {integrity: sha512-QADzlaHc8icV8I7vbaJXJwod9HWYp8uCqf1xa4OfNu1T7JVxQIrUgOWtHdNDtPiywmFbiS12VjotIXLrKM3orQ==, registry: https://node.bit.cloud/, tarball: https://registry.npmjs.org/cookie-signature/-/cookie-signature-1.0.6.tgz}
    name: cookie-signature
    version: 1.0.6
    dev: false

  registry.npmjs.org/cookie/0.4.1:
    resolution: {integrity: sha512-ZwrFkGJxUR3EIoXtO+yVE69Eb7KlixbaeAWfBQB9vVsNn/o+Yw69gBWSSDK825hQNdN+wF8zELf3dFNl/kxkUA==, registry: https://node.bit.cloud/, tarball: https://registry.npmjs.org/cookie/-/cookie-0.4.1.tgz}
    name: cookie
    version: 0.4.1
    engines: {node: '>= 0.6'}
    dev: false

  registry.npmjs.org/debug/2.6.9:
    resolution: {integrity: sha512-bC7ElrdJaJnPbAP+1EotYvqZsb3ecl5wi6Bfi6BJTUcNowp6cvspg0jXznRTKDjm/E7AdgFBVeAPVMNcKGsHMA==, registry: https://node.bit.cloud/, tarball: https://registry.npmjs.org/debug/-/debug-2.6.9.tgz}
    name: debug
    version: 2.6.9
    peerDependencies:
      supports-color: '*'
    peerDependenciesMeta:
      supports-color:
        optional: true
    dependencies:
      ms: registry.npmjs.org/ms/2.0.0
    dev: false

  registry.npmjs.org/depd/1.1.2:
    resolution: {integrity: sha512-7emPTl6Dpo6JRXOXjLRxck+FlLRX5847cLKEn00PLAgc3g2hTZZgr+e4c2v6QpSmLeFP3n5yUo7ft6avBK/5jQ==, registry: https://node.bit.cloud/, tarball: https://registry.npmjs.org/depd/-/depd-1.1.2.tgz}
    name: depd
    version: 1.1.2
    engines: {node: '>= 0.6'}
    dev: false

  registry.npmjs.org/destroy/1.0.4:
    resolution: {integrity: sha512-3NdhDuEXnfun/z7x9GOElY49LoqVHoGScmOKwmxhsS8N5Y+Z8KyPPDnaSzqWgYt/ji4mqwfTS34Htrk0zPIXVg==, registry: https://node.bit.cloud/, tarball: https://registry.npmjs.org/destroy/-/destroy-1.0.4.tgz}
    name: destroy
    version: 1.0.4
    dev: false

  registry.npmjs.org/diff-sequences/26.6.2:
    resolution: {integrity: sha512-Mv/TDa3nZ9sbc5soK+OoA74BsS3mL37yixCvUAQkiuA4Wz6YtwP/K47n2rv2ovzHZvoiQeA5FTQOschKkEwB0Q==, registry: https://node.bit.cloud/, tarball: https://registry.npmjs.org/diff-sequences/-/diff-sequences-26.6.2.tgz}
    name: diff-sequences
    version: 26.6.2
    engines: {node: '>= 10.14.2'}
    dev: true

  registry.npmjs.org/ee-first/1.1.1:
    resolution: {integrity: sha512-WMwm9LhRUo+WUaRN+vRuETqG89IgZphVSNkdFgeb6sS/E4OrDIN7t48CAewSHXc6C8lefD8KKfr5vY61brQlow==, registry: https://node.bit.cloud/, tarball: https://registry.npmjs.org/ee-first/-/ee-first-1.1.1.tgz}
    name: ee-first
    version: 1.1.1
    dev: false

  registry.npmjs.org/encodeurl/1.0.2:
    resolution: {integrity: sha512-TPJXq8JqFaVYm2CWmPvnP2Iyo4ZSM7/QKcSmuMLDObfpH5fi7RUGmd/rTDf+rut/saiDiQEeVTNgAmJEdAOx0w==, registry: https://node.bit.cloud/, tarball: https://registry.npmjs.org/encodeurl/-/encodeurl-1.0.2.tgz}
    name: encodeurl
    version: 1.0.2
    engines: {node: '>= 0.8'}
    dev: false

  registry.npmjs.org/escape-html/1.0.3:
    resolution: {integrity: sha512-NiSupZ4OeuGwr68lGIeym/ksIZMJodUGOSCZ/FSnTxcrekbvqrgdUxlJOMpijaKZVjAJrWrGs/6Jy8OMuyj9ow==, registry: https://node.bit.cloud/, tarball: https://registry.npmjs.org/escape-html/-/escape-html-1.0.3.tgz}
    name: escape-html
    version: 1.0.3
    dev: false

  registry.npmjs.org/etag/1.8.1:
    resolution: {integrity: sha512-aIL5Fx7mawVa300al2BnEE4iNvo1qETxLrPI/o05L7z6go7fCw1J6EQmbK4FmJ2AS7kgVF/KEZWufBfdClMcPg==, registry: https://node.bit.cloud/, tarball: https://registry.npmjs.org/etag/-/etag-1.8.1.tgz}
    name: etag
    version: 1.8.1
    engines: {node: '>= 0.6'}
    dev: false

  registry.npmjs.org/express/4.17.2:
    resolution: {integrity: sha512-oxlxJxcQlYwqPWKVJJtvQiwHgosH/LrLSPA+H4UxpyvSS6jC5aH+5MoHFM+KABgTOt0APue4w66Ha8jCUo9QGg==, registry: https://node.bit.cloud/, tarball: https://registry.npmjs.org/express/-/express-4.17.2.tgz}
    name: express
    version: 4.17.2
    engines: {node: '>= 0.10.0'}
    dependencies:
      accepts: registry.npmjs.org/accepts/1.3.8
      array-flatten: registry.npmjs.org/array-flatten/1.1.1
      body-parser: registry.npmjs.org/body-parser/1.19.1
      content-disposition: registry.npmjs.org/content-disposition/0.5.4
      content-type: registry.npmjs.org/content-type/1.0.4
      cookie: registry.npmjs.org/cookie/0.4.1
      cookie-signature: registry.npmjs.org/cookie-signature/1.0.6
      debug: registry.npmjs.org/debug/2.6.9
      depd: registry.npmjs.org/depd/1.1.2
      encodeurl: registry.npmjs.org/encodeurl/1.0.2
      escape-html: registry.npmjs.org/escape-html/1.0.3
      etag: registry.npmjs.org/etag/1.8.1
      finalhandler: registry.npmjs.org/finalhandler/1.1.2
      fresh: registry.npmjs.org/fresh/0.5.2
      merge-descriptors: registry.npmjs.org/merge-descriptors/1.0.1
      methods: registry.npmjs.org/methods/1.1.2
      on-finished: registry.npmjs.org/on-finished/2.3.0
      parseurl: registry.npmjs.org/parseurl/1.3.3
      path-to-regexp: registry.npmjs.org/path-to-regexp/0.1.7
      proxy-addr: registry.npmjs.org/proxy-addr/2.0.7
      qs: registry.npmjs.org/qs/6.9.6
      range-parser: registry.npmjs.org/range-parser/1.2.1
      safe-buffer: registry.npmjs.org/safe-buffer/5.2.1
      send: registry.npmjs.org/send/0.17.2
      serve-static: registry.npmjs.org/serve-static/1.14.2
      setprototypeof: registry.npmjs.org/setprototypeof/1.2.0
      statuses: registry.npmjs.org/statuses/1.5.0
      type-is: registry.npmjs.org/type-is/1.6.18
      utils-merge: registry.npmjs.org/utils-merge/1.0.1
      vary: registry.npmjs.org/vary/1.1.2
    transitivePeerDependencies:
      - supports-color
    dev: false

  registry.npmjs.org/finalhandler/1.1.2:
    resolution: {integrity: sha512-aAWcW57uxVNrQZqFXjITpW3sIUQmHGG3qSb9mUah9MgMC4NeWhNOlNjXEYq3HjRAvL6arUviZGGJsBg6z0zsWA==, registry: https://node.bit.cloud/, tarball: https://registry.npmjs.org/finalhandler/-/finalhandler-1.1.2.tgz}
    name: finalhandler
    version: 1.1.2
    engines: {node: '>= 0.8'}
    dependencies:
      debug: registry.npmjs.org/debug/2.6.9
      encodeurl: registry.npmjs.org/encodeurl/1.0.2
      escape-html: registry.npmjs.org/escape-html/1.0.3
      on-finished: registry.npmjs.org/on-finished/2.3.0
      parseurl: registry.npmjs.org/parseurl/1.3.3
      statuses: registry.npmjs.org/statuses/1.5.0
      unpipe: registry.npmjs.org/unpipe/1.0.0
    transitivePeerDependencies:
      - supports-color
    dev: false

  registry.npmjs.org/forwarded/0.2.0:
    resolution: {integrity: sha512-buRG0fpBtRHSTCOASe6hD258tEubFoRLb4ZNA6NxMVHNw2gOcwHo9wyablzMzOA5z9xA9L1KNjk/Nt6MT9aYow==, registry: https://node.bit.cloud/, tarball: https://registry.npmjs.org/forwarded/-/forwarded-0.2.0.tgz}
    name: forwarded
    version: 0.2.0
    engines: {node: '>= 0.6'}
    dev: false

  registry.npmjs.org/fresh/0.5.2:
    resolution: {integrity: sha512-zJ2mQYM18rEFOudeV4GShTGIQ7RbzA7ozbU9I/XBpm7kqgMywgmylMwXHxZJmkVoYkna9d2pVXVXPdYTP9ej8Q==, registry: https://node.bit.cloud/, tarball: https://registry.npmjs.org/fresh/-/fresh-0.5.2.tgz}
    name: fresh
    version: 0.5.2
    engines: {node: '>= 0.6'}
    dev: false

  registry.npmjs.org/has-flag/4.0.0:
    resolution: {integrity: sha512-EykJT/Q1KjTWctppgIAgfSO0tKVuZUjhgMr17kqTumMl6Afv3EISleU7qZUzoXDFTAHTDC4NOoG/ZxU3EvlMPQ==, registry: https://node.bit.cloud/, tarball: https://registry.npmjs.org/has-flag/-/has-flag-4.0.0.tgz}
    name: has-flag
    version: 4.0.0
    engines: {node: '>=8'}
    dev: true

  registry.npmjs.org/http-errors/1.8.1:
    resolution: {integrity: sha512-Kpk9Sm7NmI+RHhnj6OIWDI1d6fIoFAtFt9RLaTMRlg/8w49juAStsrBgp0Dp4OdxdVbRIeKhtCUvoi/RuAhO4g==, registry: https://node.bit.cloud/, tarball: https://registry.npmjs.org/http-errors/-/http-errors-1.8.1.tgz}
    name: http-errors
    version: 1.8.1
    engines: {node: '>= 0.6'}
    dependencies:
      depd: registry.npmjs.org/depd/1.1.2
      inherits: registry.npmjs.org/inherits/2.0.4
      setprototypeof: registry.npmjs.org/setprototypeof/1.2.0
      statuses: registry.npmjs.org/statuses/1.5.0
      toidentifier: registry.npmjs.org/toidentifier/1.0.1
    dev: false

  registry.npmjs.org/iconv-lite/0.4.24:
    resolution: {integrity: sha512-v3MXnZAcvnywkTUEZomIActle7RXXeedOR31wwl7VlyoXO4Qi9arvSenNQWne1TcRwhCL1HwLI21bEqdpj8/rA==, registry: https://node.bit.cloud/, tarball: https://registry.npmjs.org/iconv-lite/-/iconv-lite-0.4.24.tgz}
    name: iconv-lite
    version: 0.4.24
    engines: {node: '>=0.10.0'}
    dependencies:
      safer-buffer: registry.npmjs.org/safer-buffer/2.1.2
    dev: false

  registry.npmjs.org/inherits/2.0.4:
    resolution: {integrity: sha512-k/vGaX4/Yla3WzyMCvTQOXYeIHvqOKtnqBduzTHpzpQZzAskKMhZ2K+EnBiSM9zGSoIFeMpXKxa4dYeZIQqewQ==, registry: https://node.bit.cloud/, tarball: https://registry.npmjs.org/inherits/-/inherits-2.0.4.tgz}
    name: inherits
    version: 2.0.4
    dev: false

  registry.npmjs.org/ipaddr.js/1.9.1:
    resolution: {integrity: sha512-0KI/607xoxSToH7GjN1FfSbLoU0+btTicjsQSWQlh/hZykN8KpmMf7uYwPW3R+akZ6R/w18ZlXSHBYXiYUPO3g==, registry: https://node.bit.cloud/, tarball: https://registry.npmjs.org/ipaddr.js/-/ipaddr.js-1.9.1.tgz}
    name: ipaddr.js
    version: 1.9.1
    engines: {node: '>= 0.10'}
    dev: false

  registry.npmjs.org/jest-diff/26.6.2:
    resolution: {integrity: sha512-6m+9Z3Gv9wN0WFVasqjCL/06+EFCMTqDEUl/b87HYK2rAPTyfz4ZIuSlPhY51PIQRWx5TaxeF1qmXKe9gfN3sA==, registry: https://node.bit.cloud/, tarball: https://registry.npmjs.org/jest-diff/-/jest-diff-26.6.2.tgz}
    name: jest-diff
    version: 26.6.2
    engines: {node: '>= 10.14.2'}
    dependencies:
      chalk: registry.npmjs.org/chalk/4.1.2
      diff-sequences: registry.npmjs.org/diff-sequences/26.6.2
      jest-get-type: registry.npmjs.org/jest-get-type/26.3.0
      pretty-format: registry.npmjs.org/pretty-format/26.6.2
    dev: true

  registry.npmjs.org/jest-get-type/26.3.0:
    resolution: {integrity: sha512-TpfaviN1R2pQWkIihlfEanwOXK0zcxrKEE4MlU6Tn7keoXdN6/3gK/xl0yEh8DOunn5pOVGKf8hB4R9gVh04ig==, registry: https://node.bit.cloud/, tarball: https://registry.npmjs.org/jest-get-type/-/jest-get-type-26.3.0.tgz}
    name: jest-get-type
    version: 26.3.0
    engines: {node: '>= 10.14.2'}
    dev: true

  registry.npmjs.org/media-typer/0.3.0:
    resolution: {integrity: sha512-dq+qelQ9akHpcOl/gUVRTxVIOkAJ1wR3QAvb4RsVjS8oVoFjDGTc679wJYmUmknUF5HwMLOgb5O+a3KxfWapPQ==, registry: https://node.bit.cloud/, tarball: https://registry.npmjs.org/media-typer/-/media-typer-0.3.0.tgz}
    name: media-typer
    version: 0.3.0
    engines: {node: '>= 0.6'}
    dev: false

  registry.npmjs.org/merge-descriptors/1.0.1:
    resolution: {integrity: sha512-cCi6g3/Zr1iqQi6ySbseM1Xvooa98N0w31jzUYrXPX2xqObmFGHJ0tQ5u74H3mVh7wLouTseZyYIq39g8cNp1w==, registry: https://node.bit.cloud/, tarball: https://registry.npmjs.org/merge-descriptors/-/merge-descriptors-1.0.1.tgz}
    name: merge-descriptors
    version: 1.0.1
    dev: false

  registry.npmjs.org/methods/1.1.2:
    resolution: {integrity: sha512-iclAHeNqNm68zFtnZ0e+1L2yUIdvzNoauKU4WBA3VvH/vPFieF7qfRlwUZU+DA9P9bPXIS90ulxoUoCH23sV2w==, registry: https://node.bit.cloud/, tarball: https://registry.npmjs.org/methods/-/methods-1.1.2.tgz}
    name: methods
    version: 1.1.2
    engines: {node: '>= 0.6'}
    dev: false

  registry.npmjs.org/mime-db/1.52.0:
    resolution: {integrity: sha512-sPU4uV7dYlvtWJxwwxHD0PuihVNiE7TyAbQ5SWxDCB9mUYvOgroQOwYQQOKPJ8CIbE+1ETVlOoK1UC2nU3gYvg==, registry: https://node.bit.cloud/, tarball: https://registry.npmjs.org/mime-db/-/mime-db-1.52.0.tgz}
    name: mime-db
    version: 1.52.0
    engines: {node: '>= 0.6'}
    dev: false

  registry.npmjs.org/mime-types/2.1.35:
    resolution: {integrity: sha512-ZDY+bPm5zTTF+YpCrAU9nK0UgICYPT0QtT1NZWFv4s++TNkcgVaT0g6+4R2uI4MjQjzysHB1zxuWL50hzaeXiw==, registry: https://node.bit.cloud/, tarball: https://registry.npmjs.org/mime-types/-/mime-types-2.1.35.tgz}
    name: mime-types
    version: 2.1.35
    engines: {node: '>= 0.6'}
    dependencies:
      mime-db: registry.npmjs.org/mime-db/1.52.0
    dev: false

  registry.npmjs.org/mime/1.6.0:
    resolution: {integrity: sha512-x0Vn8spI+wuJ1O6S7gnbaQg8Pxh4NNHb7KSINmEWKiPE4RKOplvijn+NkmYmmRgP68mc70j2EbeTFRsrswaQeg==, registry: https://node.bit.cloud/, tarball: https://registry.npmjs.org/mime/-/mime-1.6.0.tgz}
    name: mime
    version: 1.6.0
    engines: {node: '>=4'}
    hasBin: true
    dev: false

  registry.npmjs.org/ms/2.0.0:
    resolution: {integrity: sha512-Tpp60P6IUJDTuOq/5Z8cdskzJujfwqfOTkrwIwj7IRISpnkJnT6SyJ4PCPnGMoFjC9ddhal5KVIYtAt97ix05A==, registry: https://node.bit.cloud/, tarball: https://registry.npmjs.org/ms/-/ms-2.0.0.tgz}
    name: ms
    version: 2.0.0
    dev: false

  registry.npmjs.org/ms/2.1.3:
    resolution: {integrity: sha512-6FlzubTLZG3J2a/NVCAleEhjzq5oxgHyaCU9yYXvcLsvoVaHJq/s5xXI6/XXP6tz7R9xAOtHnSO/tXtF3WRTlA==, registry: https://node.bit.cloud/, tarball: https://registry.npmjs.org/ms/-/ms-2.1.3.tgz}
    name: ms
    version: 2.1.3
    dev: false

  registry.npmjs.org/negotiator/0.6.3:
    resolution: {integrity: sha512-+EUsqGPLsM+j/zdChZjsnX51g4XrHFOIXwfnCVPGlQk/k5giakcKsuxCObBRu6DSm9opw/O6slWbJdghQM4bBg==, registry: https://node.bit.cloud/, tarball: https://registry.npmjs.org/negotiator/-/negotiator-0.6.3.tgz}
    name: negotiator
    version: 0.6.3
    engines: {node: '>= 0.6'}
    dev: false

  registry.npmjs.org/on-finished/2.3.0:
    resolution: {integrity: sha512-ikqdkGAAyf/X/gPhXGvfgAytDZtDbr+bkNUJ0N9h5MI/dmdgCs3l6hoHrcUv41sRKew3jIwrp4qQDXiK99Utww==, registry: https://node.bit.cloud/, tarball: https://registry.npmjs.org/on-finished/-/on-finished-2.3.0.tgz}
    name: on-finished
    version: 2.3.0
    engines: {node: '>= 0.8'}
    dependencies:
      ee-first: registry.npmjs.org/ee-first/1.1.1
    dev: false

  registry.npmjs.org/parseurl/1.3.3:
    resolution: {integrity: sha512-CiyeOxFT/JZyN5m0z9PfXw4SCBJ6Sygz1Dpl0wqjlhDEGGBP1GnsUVEL0p63hoG1fcj3fHynXi9NYO4nWOL+qQ==, registry: https://node.bit.cloud/, tarball: https://registry.npmjs.org/parseurl/-/parseurl-1.3.3.tgz}
    name: parseurl
    version: 1.3.3
    engines: {node: '>= 0.8'}
    dev: false

  registry.npmjs.org/path-to-regexp/0.1.7:
    resolution: {integrity: sha512-5DFkuoqlv1uYQKxy8omFBeJPQcdoE07Kv2sferDCrAq1ohOU+MSDswDIbnx3YAM60qIOnYa53wBhXW0EbMonrQ==, registry: https://node.bit.cloud/, tarball: https://registry.npmjs.org/path-to-regexp/-/path-to-regexp-0.1.7.tgz}
    name: path-to-regexp
    version: 0.1.7
    dev: false

  registry.npmjs.org/pretty-format/26.6.2:
    resolution: {integrity: sha512-7AeGuCYNGmycyQbCqd/3PWH4eOoX/OiCa0uphp57NVTeAGdJGaAliecxwBDHYQCIvrW7aDBZCYeNTP/WX69mkg==, registry: https://node.bit.cloud/, tarball: https://registry.npmjs.org/pretty-format/-/pretty-format-26.6.2.tgz}
    name: pretty-format
    version: 26.6.2
    engines: {node: '>= 10'}
    dependencies:
      '@jest/types': registry.npmjs.org/@jest/types/26.6.2
      ansi-regex: registry.npmjs.org/ansi-regex/5.0.1
      ansi-styles: registry.npmjs.org/ansi-styles/4.3.0
      react-is: registry.npmjs.org/react-is/17.0.2
    dev: true

  registry.npmjs.org/proxy-addr/2.0.7:
    resolution: {integrity: sha512-llQsMLSUDUPT44jdrU/O37qlnifitDP+ZwrmmZcoSKyLKvtZxpyV0n2/bD/N4tBAAZ/gJEdZU7KMraoK1+XYAg==, registry: https://node.bit.cloud/, tarball: https://registry.npmjs.org/proxy-addr/-/proxy-addr-2.0.7.tgz}
    name: proxy-addr
    version: 2.0.7
    engines: {node: '>= 0.10'}
    dependencies:
      forwarded: registry.npmjs.org/forwarded/0.2.0
      ipaddr.js: registry.npmjs.org/ipaddr.js/1.9.1
    dev: false

  registry.npmjs.org/qs/6.9.6:
    resolution: {integrity: sha512-TIRk4aqYLNoJUbd+g2lEdz5kLWIuTMRagAXxl78Q0RiVjAOugHmeKNGdd3cwo/ktpf9aL9epCfFqWDEKysUlLQ==, registry: https://node.bit.cloud/, tarball: https://registry.npmjs.org/qs/-/qs-6.9.6.tgz}
    name: qs
    version: 6.9.6
    engines: {node: '>=0.6'}
    dev: false

  registry.npmjs.org/range-parser/1.2.1:
    resolution: {integrity: sha512-Hrgsx+orqoygnmhFbKaHE6c296J+HTAQXoxEF6gNupROmmGJRoyzfG3ccAveqCBrwr/2yxQ5BVd/GTl5agOwSg==, registry: https://node.bit.cloud/, tarball: https://registry.npmjs.org/range-parser/-/range-parser-1.2.1.tgz}
    name: range-parser
    version: 1.2.1
    engines: {node: '>= 0.6'}
    dev: false

  registry.npmjs.org/raw-body/2.4.2:
    resolution: {integrity: sha512-RPMAFUJP19WIet/99ngh6Iv8fzAbqum4Li7AD6DtGaW2RpMB/11xDoalPiJMTbu6I3hkbMVkATvZrqb9EEqeeQ==, registry: https://node.bit.cloud/, tarball: https://registry.npmjs.org/raw-body/-/raw-body-2.4.2.tgz}
    name: raw-body
    version: 2.4.2
    engines: {node: '>= 0.8'}
    dependencies:
      bytes: registry.npmjs.org/bytes/3.1.1
      http-errors: registry.npmjs.org/http-errors/1.8.1
      iconv-lite: registry.npmjs.org/iconv-lite/0.4.24
      unpipe: registry.npmjs.org/unpipe/1.0.0
    dev: false

  registry.npmjs.org/react-is/17.0.2:
    resolution: {integrity: sha512-w2GsyukL62IJnlaff/nRegPQR94C/XXamvMWmSHRJ4y7Ts/4ocGRmTHvOs8PSE6pB3dWOrD/nueuU5sduBsQ4w==, registry: https://node.bit.cloud/, tarball: https://registry.npmjs.org/react-is/-/react-is-17.0.2.tgz}
    name: react-is
    version: 17.0.2
    dev: true

  registry.npmjs.org/regenerator-runtime/0.13.9:
    resolution: {integrity: sha512-p3VT+cOEgxFsRRA9X4lkI1E+k2/CtnKtU4gcxyaCUreilL/vqI6CdZ3wxVUx3UOUg+gnUOQQcRI7BmSI656MYA==, registry: https://node.bit.cloud/, tarball: https://registry.npmjs.org/regenerator-runtime/-/regenerator-runtime-0.13.9.tgz}
    name: regenerator-runtime
    version: 0.13.9
    dev: true

  registry.npmjs.org/safe-buffer/5.2.1:
    resolution: {integrity: sha512-rp3So07KcdmmKbGvgaNxQSJr7bGVSVk5S9Eq1F+ppbRo70+YeaDxkw5Dd8NPN+GD6bjnYm2VuPuCXmpuYvmCXQ==, registry: https://node.bit.cloud/, tarball: https://registry.npmjs.org/safe-buffer/-/safe-buffer-5.2.1.tgz}
    name: safe-buffer
    version: 5.2.1
    dev: false

  registry.npmjs.org/safer-buffer/2.1.2:
    resolution: {integrity: sha512-YZo3K82SD7Riyi0E1EQPojLz7kpepnSQI9IyPbHHg1XXXevb5dJI7tpyN2ADxGcQbHG7vcyRHk0cbwqcQriUtg==, registry: https://node.bit.cloud/, tarball: https://registry.npmjs.org/safer-buffer/-/safer-buffer-2.1.2.tgz}
    name: safer-buffer
    version: 2.1.2
    dev: false

  registry.npmjs.org/send/0.17.2:
    resolution: {integrity: sha512-UJYB6wFSJE3G00nEivR5rgWp8c2xXvJ3OPWPhmuteU0IKj8nKbG3DrjiOmLwpnHGYWAVwA69zmTm++YG0Hmwww==, registry: https://node.bit.cloud/, tarball: https://registry.npmjs.org/send/-/send-0.17.2.tgz}
    name: send
    version: 0.17.2
    engines: {node: '>= 0.8.0'}
    dependencies:
      debug: registry.npmjs.org/debug/2.6.9
      depd: registry.npmjs.org/depd/1.1.2
      destroy: registry.npmjs.org/destroy/1.0.4
      encodeurl: registry.npmjs.org/encodeurl/1.0.2
      escape-html: registry.npmjs.org/escape-html/1.0.3
      etag: registry.npmjs.org/etag/1.8.1
      fresh: registry.npmjs.org/fresh/0.5.2
      http-errors: registry.npmjs.org/http-errors/1.8.1
      mime: registry.npmjs.org/mime/1.6.0
      ms: registry.npmjs.org/ms/2.1.3
      on-finished: registry.npmjs.org/on-finished/2.3.0
      range-parser: registry.npmjs.org/range-parser/1.2.1
      statuses: registry.npmjs.org/statuses/1.5.0
    transitivePeerDependencies:
      - supports-color
    dev: false

  registry.npmjs.org/serve-static/1.14.2:
    resolution: {integrity: sha512-+TMNA9AFxUEGuC0z2mevogSnn9MXKb4fa7ngeRMJaaGv8vTwnIEkKi+QGvPt33HSnf8pRS+WGM0EbMtCJLKMBQ==, registry: https://node.bit.cloud/, tarball: https://registry.npmjs.org/serve-static/-/serve-static-1.14.2.tgz}
    name: serve-static
    version: 1.14.2
    engines: {node: '>= 0.8.0'}
    dependencies:
      encodeurl: registry.npmjs.org/encodeurl/1.0.2
      escape-html: registry.npmjs.org/escape-html/1.0.3
      parseurl: registry.npmjs.org/parseurl/1.3.3
      send: registry.npmjs.org/send/0.17.2
    transitivePeerDependencies:
      - supports-color
    dev: false

  registry.npmjs.org/setprototypeof/1.2.0:
    resolution: {integrity: sha512-E5LDX7Wrp85Kil5bhZv46j8jOeboKq5JMmYM3gVGdGH8xFpPWXUMsNrlODCrkoxMEeNi/XZIwuRvY4XNwYMJpw==, registry: https://node.bit.cloud/, tarball: https://registry.npmjs.org/setprototypeof/-/setprototypeof-1.2.0.tgz}
    name: setprototypeof
    version: 1.2.0
    dev: false

  registry.npmjs.org/statuses/1.5.0:
    resolution: {integrity: sha512-OpZ3zP+jT1PI7I8nemJX4AKmAX070ZkYPVWV/AaKTJl+tXCTGyVdC1a4SL8RUQYEwk/f34ZX8UTykN68FwrqAA==, registry: https://node.bit.cloud/, tarball: https://registry.npmjs.org/statuses/-/statuses-1.5.0.tgz}
    name: statuses
    version: 1.5.0
    engines: {node: '>= 0.6'}
    dev: false

  registry.npmjs.org/supports-color/7.2.0:
    resolution: {integrity: sha512-qpCAvRl9stuOHveKsn7HncJRvv501qIacKzQlO/+Lwxc9+0q2wLyv4Dfvt80/DPn2pqOBsJdDiogXGR9+OvwRw==, registry: https://node.bit.cloud/, tarball: https://registry.npmjs.org/supports-color/-/supports-color-7.2.0.tgz}
    name: supports-color
    version: 7.2.0
    engines: {node: '>=8'}
    dependencies:
      has-flag: registry.npmjs.org/has-flag/4.0.0
    dev: true

  registry.npmjs.org/toidentifier/1.0.1:
    resolution: {integrity: sha512-o5sSPKEkg/DIQNmH43V0/uerLrpzVedkUh8tGNvaeXpfpuwjKenlSox/2O/BTlZUtEe+JG7s5YhEz608PlAHRA==, registry: https://node.bit.cloud/, tarball: https://registry.npmjs.org/toidentifier/-/toidentifier-1.0.1.tgz}
    name: toidentifier
    version: 1.0.1
    engines: {node: '>=0.6'}
    dev: false

  registry.npmjs.org/type-is/1.6.18:
    resolution: {integrity: sha512-TkRKr9sUTxEH8MdfuCSP7VizJyzRNMjj2J2do2Jr3Kym598JVdEksuzPQCnlFPW4ky9Q+iA+ma9BGm06XQBy8g==, registry: https://node.bit.cloud/, tarball: https://registry.npmjs.org/type-is/-/type-is-1.6.18.tgz}
    name: type-is
    version: 1.6.18
    engines: {node: '>= 0.6'}
    dependencies:
      media-typer: registry.npmjs.org/media-typer/0.3.0
      mime-types: registry.npmjs.org/mime-types/2.1.35
    dev: false

  registry.npmjs.org/unpipe/1.0.0:
    resolution: {integrity: sha512-pjy2bYhSsufwWlKwPc+l3cN7+wuJlK6uz0YdJEOlQDbl6jo/YlPi4mb8agUkVC8BF7V8NuzeyPNqRksA3hztKQ==, registry: https://node.bit.cloud/, tarball: https://registry.npmjs.org/unpipe/-/unpipe-1.0.0.tgz}
    name: unpipe
    version: 1.0.0
    engines: {node: '>= 0.8'}
    dev: false

  registry.npmjs.org/utils-merge/1.0.1:
    resolution: {integrity: sha512-pMZTvIkT1d+TFGvDOqodOclx0QWkkgi6Tdoa8gC8ffGAAqz9pzPTZWAybbsHHoED/ztMtkv/VoYTYyShUn81hA==, registry: https://node.bit.cloud/, tarball: https://registry.npmjs.org/utils-merge/-/utils-merge-1.0.1.tgz}
    name: utils-merge
    version: 1.0.1
    engines: {node: '>= 0.4.0'}
    dev: false

  registry.npmjs.org/vary/1.1.2:
    resolution: {integrity: sha512-BNGbWLfd0eUPabhkXUVm0j8uuvREyTh5ovRa/dyow/BqAbZJyC+5fU+IzQOzmAKzYqYRAISoRhdQr3eIZ/PXqg==, registry: https://node.bit.cloud/, tarball: https://registry.npmjs.org/vary/-/vary-1.1.2.tgz}
    name: vary
    version: 1.1.2
    engines: {node: '>= 0.8'}
    dev: false
